
Microsoft Visual Studio Solution File, Format Version 12.00
# Visual Studio Version 17
Project("{8BC9CEB8-8B4A-11D0-8D11-00A0C91BC942}") = "Achievements", "Achievements.vcxproj", "{E19A7469-CDFD-030E-7683-3CC462C5CF90}"
EndProject
Global
	GlobalSection(SolutionConfigurationPlatforms) = preSolution
		Release GTA-SA RA|Win32 = Release GTA-SA RA|Win32
		Debug GTA-SA RA|Win32 = Debug GTA-SA RA|Win32
		Release GTA-SA Steam|Win32 = Release GTA-SA Steam|Win32
		Debug GTA-SA Steam|Win32 = Debug GTA-SA Steam|Win32
	EndGlobalSection
	GlobalSection(ProjectConfigurationPlatforms) = postSolution
		{E19A7469-CDFD-030E-7683-3CC462C5CF90}.Release GTA-SA RA|Win32.ActiveCfg = Release GTA-SA RA|Win32
		{E19A7469-CDFD-030E-7683-3CC462C5CF90}.Release GTA-SA RA|Win32.Build.0 = Release GTA-SA RA|Win32
		{E19A7469-CDFD-030E-7683-3CC462C5CF90}.Debug GTA-SA RA|Win32.ActiveCfg = Debug GTA-SA RA|Win32
		{E19A7469-CDFD-030E-7683-3CC462C5CF90}.Debug GTA-SA RA|Win32.Build.0 = Debug GTA-SA RA|Win32
		{E19A7469-CDFD-030E-7683-3CC462C5CF90}.Release GTA-SA Steam|Win32.ActiveCfg = Release GTA-SA Steam|Win32
		{E19A7469-CDFD-030E-7683-3CC462C5CF90}.Release GTA-SA Steam|Win32.Build.0 = Release GTA-SA Steam|Win32
		{E19A7469-CDFD-030E-7683-3CC462C5CF90}.Debug GTA-SA Steam|Win32.ActiveCfg = Debug GTA-SA Steam|Win32
		{E19A7469-CDFD-030E-7683-3CC462C5CF90}.Debug GTA-SA Steam|Win32.Build.0 = Debug GTA-SA Steam|Win32
	EndGlobalSection
	GlobalSection(SolutionProperties) = preSolution
		HideSolutionNode = FALSE
	EndGlobalSection
EndGlobal
